// !$*UTF8*$!
{
	archiveVersion = 1;
	classes = {
	};
	objectVersion = 51;
	objects = {

/* Begin PBXBuildFile section */
		3039314D229BFAF500DA1E65 /* AppDelegate.swift in Sources */ = {isa = PBXBuildFile; fileRef = 3039314C229BFAF500DA1E65 /* AppDelegate.swift */; };
		3039314F229BFAF500DA1E65 /* LoginViewController.swift in Sources */ = {isa = PBXBuildFile; fileRef = 3039314E229BFAF500DA1E65 /* LoginViewController.swift */; };
		30393152229BFAF500DA1E65 /* Login.storyboard in Resources */ = {isa = PBXBuildFile; fileRef = 30393150229BFAF500DA1E65 /* Login.storyboard */; };
		30393154229BFAF900DA1E65 /* Assets.xcassets in Resources */ = {isa = PBXBuildFile; fileRef = 30393153229BFAF900DA1E65 /* Assets.xcassets */; };
		30393157229BFAF900DA1E65 /* LaunchScreen.storyboard in Resources */ = {isa = PBXBuildFile; fileRef = 30393155229BFAF900DA1E65 /* LaunchScreen.storyboard */; };
		30393162229BFAF900DA1E65 /* LandmarkRemarkTests.swift in Sources */ = {isa = PBXBuildFile; fileRef = 30393161229BFAF900DA1E65 /* LandmarkRemarkTests.swift */; };
		3039316D229BFAF900DA1E65 /* LandmarkRemarkUITests.swift in Sources */ = {isa = PBXBuildFile; fileRef = 3039316C229BFAF900DA1E65 /* LandmarkRemarkUITests.swift */; };
		3039317E229BFE6000DA1E65 /* Launcher.swift in Sources */ = {isa = PBXBuildFile; fileRef = 3039317D229BFE6000DA1E65 /* Launcher.swift */; };
		30393187229C15E300DA1E65 /* Constants.swift in Sources */ = {isa = PBXBuildFile; fileRef = 30393186229C15E300DA1E65 /* Constants.swift */; };
		3039318F229D702E00DA1E65 /* AddRemarkViewController.swift in Sources */ = {isa = PBXBuildFile; fileRef = 3039318E229D702E00DA1E65 /* AddRemarkViewController.swift */; };
		30393191229D70C600DA1E65 /* RemarkAnnotation.swift in Sources */ = {isa = PBXBuildFile; fileRef = 30393190229D70C600DA1E65 /* RemarkAnnotation.swift */; };
		30393193229D70E100DA1E65 /* Remark.swift in Sources */ = {isa = PBXBuildFile; fileRef = 30393192229D70E100DA1E65 /* Remark.swift */; };
		30393195229D714000DA1E65 /* MapViewController.swift in Sources */ = {isa = PBXBuildFile; fileRef = 30393194229D714000DA1E65 /* MapViewController.swift */; };
		30393197229D72B700DA1E65 /* Router.swift in Sources */ = {isa = PBXBuildFile; fileRef = 30393196229D72B700DA1E65 /* Router.swift */; };
		30393199229E067800DA1E65 /* StoryboardIdentifiable.swift in Sources */ = {isa = PBXBuildFile; fileRef = 30393198229E067800DA1E65 /* StoryboardIdentifiable.swift */; };
		3039319B229E06C300DA1E65 /* UIStoryboard+Multiple.swift in Sources */ = {isa = PBXBuildFile; fileRef = 3039319A229E06C300DA1E65 /* UIStoryboard+Multiple.swift */; };
		303931A0229E082B00DA1E65 /* UIViewController+StoryboardIdentifier.swift in Sources */ = {isa = PBXBuildFile; fileRef = 3039319F229E082B00DA1E65 /* UIViewController+StoryboardIdentifier.swift */; };
		303931A2229E10A600DA1E65 /* Map.storyboard in Resources */ = {isa = PBXBuildFile; fileRef = 303931A1229E10A600DA1E65 /* Map.storyboard */; };
		303931A4229E112300DA1E65 /* Remark.storyboard in Resources */ = {isa = PBXBuildFile; fileRef = 303931A3229E112300DA1E65 /* Remark.storyboard */; };
		303931A6229E63AC00DA1E65 /* Reusable.swift in Sources */ = {isa = PBXBuildFile; fileRef = 303931A5229E63AC00DA1E65 /* Reusable.swift */; };
		303931AB229E658100DA1E65 /* LoginViewModel.swift in Sources */ = {isa = PBXBuildFile; fileRef = 303931AA229E658100DA1E65 /* LoginViewModel.swift */; };
		30B2ACFE229F5E6C008F0AB4 /* MapViewModel.swift in Sources */ = {isa = PBXBuildFile; fileRef = 30B2ACFD229F5E6C008F0AB4 /* MapViewModel.swift */; };
		30B2AD00229FFDA9008F0AB4 /* DataManager.swift in Sources */ = {isa = PBXBuildFile; fileRef = 30B2ACFF229FFDA9008F0AB4 /* DataManager.swift */; };
		30B2AD0222A008A5008F0AB4 /* AddRemarkViewModel.swift in Sources */ = {isa = PBXBuildFile; fileRef = 30B2AD0122A008A5008F0AB4 /* AddRemarkViewModel.swift */; };
		AB11C7D0CA86CE97C3B19644 /* Pods_LandmarkRemark.framework in Frameworks */ = {isa = PBXBuildFile; fileRef = 351509C9FE2098B56527C9E3 /* Pods_LandmarkRemark.framework */; };
/* End PBXBuildFile section */

/* Begin PBXContainerItemProxy section */
		3039315E229BFAF900DA1E65 /* PBXContainerItemProxy */ = {
			isa = PBXContainerItemProxy;
			containerPortal = 30393141229BFAF500DA1E65 /* Project object */;
			proxyType = 1;
			remoteGlobalIDString = 30393148229BFAF500DA1E65;
			remoteInfo = LandmarkRemark;
		};
		30393169229BFAF900DA1E65 /* PBXContainerItemProxy */ = {
			isa = PBXContainerItemProxy;
			containerPortal = 30393141229BFAF500DA1E65 /* Project object */;
			proxyType = 1;
			remoteGlobalIDString = 30393148229BFAF500DA1E65;
			remoteInfo = LandmarkRemark;
		};
/* End PBXContainerItemProxy section */

/* Begin PBXFileReference section */
		30393149229BFAF500DA1E65 /* LandmarkRemark.app */ = {isa = PBXFileReference; explicitFileType = wrapper.application; includeInIndex = 0; path = LandmarkRemark.app; sourceTree = BUILT_PRODUCTS_DIR; };
		3039314C229BFAF500DA1E65 /* AppDelegate.swift */ = {isa = PBXFileReference; lastKnownFileType = sourcecode.swift; path = AppDelegate.swift; sourceTree = "<group>"; };
		3039314E229BFAF500DA1E65 /* LoginViewController.swift */ = {isa = PBXFileReference; lastKnownFileType = sourcecode.swift; path = LoginViewController.swift; sourceTree = "<group>"; };
		30393151229BFAF500DA1E65 /* Base */ = {isa = PBXFileReference; lastKnownFileType = file.storyboard; name = Base; path = Base.lproj/Login.storyboard; sourceTree = "<group>"; };
		30393153229BFAF900DA1E65 /* Assets.xcassets */ = {isa = PBXFileReference; lastKnownFileType = folder.assetcatalog; path = Assets.xcassets; sourceTree = "<group>"; };
		30393156229BFAF900DA1E65 /* Base */ = {isa = PBXFileReference; lastKnownFileType = file.storyboard; name = Base; path = Base.lproj/LaunchScreen.storyboard; sourceTree = "<group>"; };
		30393158229BFAF900DA1E65 /* Info.plist */ = {isa = PBXFileReference; lastKnownFileType = text.plist.xml; path = Info.plist; sourceTree = "<group>"; };
		3039315D229BFAF900DA1E65 /* LandmarkRemarkTests.xctest */ = {isa = PBXFileReference; explicitFileType = wrapper.cfbundle; includeInIndex = 0; path = LandmarkRemarkTests.xctest; sourceTree = BUILT_PRODUCTS_DIR; };
		30393161229BFAF900DA1E65 /* LandmarkRemarkTests.swift */ = {isa = PBXFileReference; lastKnownFileType = sourcecode.swift; path = LandmarkRemarkTests.swift; sourceTree = "<group>"; };
		30393163229BFAF900DA1E65 /* Info.plist */ = {isa = PBXFileReference; lastKnownFileType = text.plist.xml; path = Info.plist; sourceTree = "<group>"; };
		30393168229BFAF900DA1E65 /* LandmarkRemarkUITests.xctest */ = {isa = PBXFileReference; explicitFileType = wrapper.cfbundle; includeInIndex = 0; path = LandmarkRemarkUITests.xctest; sourceTree = BUILT_PRODUCTS_DIR; };
		3039316C229BFAF900DA1E65 /* LandmarkRemarkUITests.swift */ = {isa = PBXFileReference; lastKnownFileType = sourcecode.swift; path = LandmarkRemarkUITests.swift; sourceTree = "<group>"; };
		3039316E229BFAF900DA1E65 /* Info.plist */ = {isa = PBXFileReference; lastKnownFileType = text.plist.xml; path = Info.plist; sourceTree = "<group>"; };
		3039317D229BFE6000DA1E65 /* Launcher.swift */ = {isa = PBXFileReference; lastKnownFileType = sourcecode.swift; path = Launcher.swift; sourceTree = "<group>"; };
		30393186229C15E300DA1E65 /* Constants.swift */ = {isa = PBXFileReference; lastKnownFileType = sourcecode.swift; path = Constants.swift; sourceTree = "<group>"; };
		3039318E229D702E00DA1E65 /* AddRemarkViewController.swift */ = {isa = PBXFileReference; lastKnownFileType = sourcecode.swift; path = AddRemarkViewController.swift; sourceTree = "<group>"; };
		30393190229D70C600DA1E65 /* RemarkAnnotation.swift */ = {isa = PBXFileReference; lastKnownFileType = sourcecode.swift; path = RemarkAnnotation.swift; sourceTree = "<group>"; };
		30393192229D70E100DA1E65 /* Remark.swift */ = {isa = PBXFileReference; lastKnownFileType = sourcecode.swift; path = Remark.swift; sourceTree = "<group>"; };
		30393194229D714000DA1E65 /* MapViewController.swift */ = {isa = PBXFileReference; lastKnownFileType = sourcecode.swift; path = MapViewController.swift; sourceTree = "<group>"; };
		30393196229D72B700DA1E65 /* Router.swift */ = {isa = PBXFileReference; lastKnownFileType = sourcecode.swift; path = Router.swift; sourceTree = "<group>"; };
		30393198229E067800DA1E65 /* StoryboardIdentifiable.swift */ = {isa = PBXFileReference; lastKnownFileType = sourcecode.swift; path = StoryboardIdentifiable.swift; sourceTree = "<group>"; };
		3039319A229E06C300DA1E65 /* UIStoryboard+Multiple.swift */ = {isa = PBXFileReference; lastKnownFileType = sourcecode.swift; path = "UIStoryboard+Multiple.swift"; sourceTree = "<group>"; };
		3039319F229E082B00DA1E65 /* UIViewController+StoryboardIdentifier.swift */ = {isa = PBXFileReference; lastKnownFileType = sourcecode.swift; path = "UIViewController+StoryboardIdentifier.swift"; sourceTree = "<group>"; };
		303931A1229E10A600DA1E65 /* Map.storyboard */ = {isa = PBXFileReference; lastKnownFileType = file.storyboard; path = Map.storyboard; sourceTree = "<group>"; };
		303931A3229E112300DA1E65 /* Remark.storyboard */ = {isa = PBXFileReference; lastKnownFileType = file.storyboard; path = Remark.storyboard; sourceTree = "<group>"; };
		303931A5229E63AC00DA1E65 /* Reusable.swift */ = {isa = PBXFileReference; lastKnownFileType = sourcecode.swift; path = Reusable.swift; sourceTree = "<group>"; };
		303931AA229E658100DA1E65 /* LoginViewModel.swift */ = {isa = PBXFileReference; lastKnownFileType = sourcecode.swift; path = LoginViewModel.swift; sourceTree = "<group>"; };
		30B2ACFD229F5E6C008F0AB4 /* MapViewModel.swift */ = {isa = PBXFileReference; lastKnownFileType = sourcecode.swift; path = MapViewModel.swift; sourceTree = "<group>"; };
		30B2ACFF229FFDA9008F0AB4 /* DataManager.swift */ = {isa = PBXFileReference; lastKnownFileType = sourcecode.swift; path = DataManager.swift; sourceTree = "<group>"; };
		30B2AD0122A008A5008F0AB4 /* AddRemarkViewModel.swift */ = {isa = PBXFileReference; lastKnownFileType = sourcecode.swift; path = AddRemarkViewModel.swift; sourceTree = "<group>"; };
		351509C9FE2098B56527C9E3 /* Pods_LandmarkRemark.framework */ = {isa = PBXFileReference; explicitFileType = wrapper.framework; includeInIndex = 0; path = Pods_LandmarkRemark.framework; sourceTree = BUILT_PRODUCTS_DIR; };
		6CB96B9447C6BDFFBA67673C /* Pods-LandmarkRemark.debug.xcconfig */ = {isa = PBXFileReference; includeInIndex = 1; lastKnownFileType = text.xcconfig; name = "Pods-LandmarkRemark.debug.xcconfig"; path = "Target Support Files/Pods-LandmarkRemark/Pods-LandmarkRemark.debug.xcconfig"; sourceTree = "<group>"; };
		706207C7FDB43DD147B7343A /* Pods-LandmarkRemark.release.xcconfig */ = {isa = PBXFileReference; includeInIndex = 1; lastKnownFileType = text.xcconfig; name = "Pods-LandmarkRemark.release.xcconfig"; path = "Target Support Files/Pods-LandmarkRemark/Pods-LandmarkRemark.release.xcconfig"; sourceTree = "<group>"; };
/* End PBXFileReference section */

/* Begin PBXFrameworksBuildPhase section */
		30393146229BFAF500DA1E65 /* Frameworks */ = {
			isa = PBXFrameworksBuildPhase;
			buildActionMask = 2147483647;
			files = (
				AB11C7D0CA86CE97C3B19644 /* Pods_LandmarkRemark.framework in Frameworks */,
			);
			runOnlyForDeploymentPostprocessing = 0;
		};
		3039315A229BFAF900DA1E65 /* Frameworks */ = {
			isa = PBXFrameworksBuildPhase;
			buildActionMask = 2147483647;
			files = (
			);
			runOnlyForDeploymentPostprocessing = 0;
		};
		30393165229BFAF900DA1E65 /* Frameworks */ = {
			isa = PBXFrameworksBuildPhase;
			buildActionMask = 2147483647;
			files = (
			);
			runOnlyForDeploymentPostprocessing = 0;
		};
/* End PBXFrameworksBuildPhase section */

/* Begin PBXGroup section */
		30393140229BFAF500DA1E65 = {
			isa = PBXGroup;
			children = (
				3039314B229BFAF500DA1E65 /* LandmarkRemark */,
				30393160229BFAF900DA1E65 /* LandmarkRemarkTests */,
				3039316B229BFAF900DA1E65 /* LandmarkRemarkUITests */,
				3039314A229BFAF500DA1E65 /* Products */,
				90A46D8F8E0D6BF8E599F069 /* Pods */,
				8022B35258E26C4251259E2A /* Frameworks */,
			);
			sourceTree = "<group>";
		};
		3039314A229BFAF500DA1E65 /* Products */ = {
			isa = PBXGroup;
			children = (
				30393149229BFAF500DA1E65 /* LandmarkRemark.app */,
				3039315D229BFAF900DA1E65 /* LandmarkRemarkTests.xctest */,
				30393168229BFAF900DA1E65 /* LandmarkRemarkUITests.xctest */,
			);
			name = Products;
			sourceTree = "<group>";
		};
		3039314B229BFAF500DA1E65 /* LandmarkRemark */ = {
			isa = PBXGroup;
			children = (
				3039319E229E07E500DA1E65 /* Extensions */,
				3039319D229E07E500DA1E65 /* Protocols */,
				30393183229C15D100DA1E65 /* Helpers */,
				30393185229C15D100DA1E65 /* Models */,
				3039317A229BFDFE00DA1E65 /* Scenes */,
				3039314C229BFAF500DA1E65 /* AppDelegate.swift */,
				30393153229BFAF900DA1E65 /* Assets.xcassets */,
				30393155229BFAF900DA1E65 /* LaunchScreen.storyboard */,
				30393158229BFAF900DA1E65 /* Info.plist */,
			);
			path = LandmarkRemark;
			sourceTree = "<group>";
		};
		30393160229BFAF900DA1E65 /* LandmarkRemarkTests */ = {
			isa = PBXGroup;
			children = (
				30393161229BFAF900DA1E65 /* LandmarkRemarkTests.swift */,
				30393163229BFAF900DA1E65 /* Info.plist */,
			);
			path = LandmarkRemarkTests;
			sourceTree = "<group>";
		};
		3039316B229BFAF900DA1E65 /* LandmarkRemarkUITests */ = {
			isa = PBXGroup;
			children = (
				3039316C229BFAF900DA1E65 /* LandmarkRemarkUITests.swift */,
				3039316E229BFAF900DA1E65 /* Info.plist */,
			);
			path = LandmarkRemarkUITests;
			sourceTree = "<group>";
		};
		3039317A229BFDFE00DA1E65 /* Scenes */ = {
			isa = PBXGroup;
			children = (
				3039317D229BFE6000DA1E65 /* Launcher.swift */,
				303931A9229E654200DA1E65 /* Home */,
				303931A7229E654200DA1E65 /* Map */,
				303931A8229E654200DA1E65 /* Remark */,
			);
			path = Scenes;
			sourceTree = "<group>";
		};
		30393183229C15D100DA1E65 /* Helpers */ = {
			isa = PBXGroup;
			children = (
				30393186229C15E300DA1E65 /* Constants.swift */,
				30393196229D72B700DA1E65 /* Router.swift */,
				30B2ACFF229FFDA9008F0AB4 /* DataManager.swift */,
			);
			path = Helpers;
			sourceTree = "<group>";
		};
		30393185229C15D100DA1E65 /* Models */ = {
			isa = PBXGroup;
			children = (
				30393192229D70E100DA1E65 /* Remark.swift */,
			);
			path = Models;
			sourceTree = "<group>";
		};
		3039319D229E07E500DA1E65 /* Protocols */ = {
			isa = PBXGroup;
			children = (
				30393198229E067800DA1E65 /* StoryboardIdentifiable.swift */,
				303931A5229E63AC00DA1E65 /* Reusable.swift */,
			);
			path = Protocols;
			sourceTree = "<group>";
		};
		3039319E229E07E500DA1E65 /* Extensions */ = {
			isa = PBXGroup;
			children = (
				3039319A229E06C300DA1E65 /* UIStoryboard+Multiple.swift */,
				3039319F229E082B00DA1E65 /* UIViewController+StoryboardIdentifier.swift */,
			);
			path = Extensions;
			sourceTree = "<group>";
		};
		303931A7229E654200DA1E65 /* Map */ = {
			isa = PBXGroup;
			children = (
				30393190229D70C600DA1E65 /* RemarkAnnotation.swift */,
				30393194229D714000DA1E65 /* MapViewController.swift */,
				303931A1229E10A600DA1E65 /* Map.storyboard */,
				30B2ACFD229F5E6C008F0AB4 /* MapViewModel.swift */,
			);
			path = Map;
			sourceTree = "<group>";
		};
		303931A8229E654200DA1E65 /* Remark */ = {
			isa = PBXGroup;
			children = (
				3039318E229D702E00DA1E65 /* AddRemarkViewController.swift */,
				303931A3229E112300DA1E65 /* Remark.storyboard */,
				30B2AD0122A008A5008F0AB4 /* AddRemarkViewModel.swift */,
			);
			path = Remark;
			sourceTree = "<group>";
		};
		303931A9229E654200DA1E65 /* Home */ = {
			isa = PBXGroup;
			children = (
				30393150229BFAF500DA1E65 /* Login.storyboard */,
				3039314E229BFAF500DA1E65 /* LoginViewController.swift */,
				303931AA229E658100DA1E65 /* LoginViewModel.swift */,
			);
			path = Home;
			sourceTree = "<group>";
		};
		8022B35258E26C4251259E2A /* Frameworks */ = {
			isa = PBXGroup;
			children = (
				351509C9FE2098B56527C9E3 /* Pods_LandmarkRemark.framework */,
			);
			name = Frameworks;
			sourceTree = "<group>";
		};
		90A46D8F8E0D6BF8E599F069 /* Pods */ = {
			isa = PBXGroup;
			children = (
				6CB96B9447C6BDFFBA67673C /* Pods-LandmarkRemark.debug.xcconfig */,
				706207C7FDB43DD147B7343A /* Pods-LandmarkRemark.release.xcconfig */,
			);
			path = Pods;
			sourceTree = "<group>";
		};
/* End PBXGroup section */

/* Begin PBXNativeTarget section */
		30393148229BFAF500DA1E65 /* LandmarkRemark */ = {
			isa = PBXNativeTarget;
			buildConfigurationList = 30393171229BFAF900DA1E65 /* Build configuration list for PBXNativeTarget "LandmarkRemark" */;
			buildPhases = (
				2ED0884ED893009784C8F852 /* [CP] Check Pods Manifest.lock */,
				30393145229BFAF500DA1E65 /* Sources */,
				30393146229BFAF500DA1E65 /* Frameworks */,
				30393147229BFAF500DA1E65 /* Resources */,
				7BF953D8077334FAE05A8C6C /* [CP] Embed Pods Frameworks */,
			);
			buildRules = (
			);
			dependencies = (
			);
			name = LandmarkRemark;
			productName = LandmarkRemark;
			productReference = 30393149229BFAF500DA1E65 /* LandmarkRemark.app */;
			productType = "com.apple.product-type.application";
		};
		3039315C229BFAF900DA1E65 /* LandmarkRemarkTests */ = {
			isa = PBXNativeTarget;
			buildConfigurationList = 30393174229BFAF900DA1E65 /* Build configuration list for PBXNativeTarget "LandmarkRemarkTests" */;
			buildPhases = (
				30393159229BFAF900DA1E65 /* Sources */,
				3039315A229BFAF900DA1E65 /* Frameworks */,
				3039315B229BFAF900DA1E65 /* Resources */,
			);
			buildRules = (
			);
			dependencies = (
				3039315F229BFAF900DA1E65 /* PBXTargetDependency */,
			);
			name = LandmarkRemarkTests;
			productName = LandmarkRemarkTests;
			productReference = 3039315D229BFAF900DA1E65 /* LandmarkRemarkTests.xctest */;
			productType = "com.apple.product-type.bundle.unit-test";
		};
		30393167229BFAF900DA1E65 /* LandmarkRemarkUITests */ = {
			isa = PBXNativeTarget;
			buildConfigurationList = 30393177229BFAF900DA1E65 /* Build configuration list for PBXNativeTarget "LandmarkRemarkUITests" */;
			buildPhases = (
				30393164229BFAF900DA1E65 /* Sources */,
				30393165229BFAF900DA1E65 /* Frameworks */,
				30393166229BFAF900DA1E65 /* Resources */,
			);
			buildRules = (
			);
			dependencies = (
				3039316A229BFAF900DA1E65 /* PBXTargetDependency */,
			);
			name = LandmarkRemarkUITests;
			productName = LandmarkRemarkUITests;
			productReference = 30393168229BFAF900DA1E65 /* LandmarkRemarkUITests.xctest */;
			productType = "com.apple.product-type.bundle.ui-testing";
		};
/* End PBXNativeTarget section */

/* Begin PBXProject section */
		30393141229BFAF500DA1E65 /* Project object */ = {
			isa = PBXProject;
			attributes = {
				LastSwiftUpdateCheck = 1020;
				LastUpgradeCheck = 1020;
				ORGANIZATIONNAME = iOS;
				TargetAttributes = {
					30393148229BFAF500DA1E65 = {
						CreatedOnToolsVersion = 10.2.1;
					};
					3039315C229BFAF900DA1E65 = {
						CreatedOnToolsVersion = 10.2.1;
						TestTargetID = 30393148229BFAF500DA1E65;
					};
					30393167229BFAF900DA1E65 = {
						CreatedOnToolsVersion = 10.2.1;
						TestTargetID = 30393148229BFAF500DA1E65;
					};
				};
			};
			buildConfigurationList = 30393144229BFAF500DA1E65 /* Build configuration list for PBXProject "LandmarkRemark" */;
			compatibilityVersion = "Xcode 9.3";
			developmentRegion = en;
			hasScannedForEncodings = 0;
			knownRegions = (
				en,
				Base,
			);
			mainGroup = 30393140229BFAF500DA1E65;
			productRefGroup = 3039314A229BFAF500DA1E65 /* Products */;
			projectDirPath = "";
			projectRoot = "";
			targets = (
				30393148229BFAF500DA1E65 /* LandmarkRemark */,
				3039315C229BFAF900DA1E65 /* LandmarkRemarkTests */,
				30393167229BFAF900DA1E65 /* LandmarkRemarkUITests */,
			);
		};
/* End PBXProject section */

/* Begin PBXResourcesBuildPhase section */
		30393147229BFAF500DA1E65 /* Resources */ = {
			isa = PBXResourcesBuildPhase;
			buildActionMask = 2147483647;
			files = (
				30393157229BFAF900DA1E65 /* LaunchScreen.storyboard in Resources */,
				30393154229BFAF900DA1E65 /* Assets.xcassets in Resources */,
				30393152229BFAF500DA1E65 /* Login.storyboard in Resources */,
				303931A2229E10A600DA1E65 /* Map.storyboard in Resources */,
				303931A4229E112300DA1E65 /* Remark.storyboard in Resources */,
			);
			runOnlyForDeploymentPostprocessing = 0;
		};
		3039315B229BFAF900DA1E65 /* Resources */ = {
			isa = PBXResourcesBuildPhase;
			buildActionMask = 2147483647;
			files = (
			);
			runOnlyForDeploymentPostprocessing = 0;
		};
		30393166229BFAF900DA1E65 /* Resources */ = {
			isa = PBXResourcesBuildPhase;
			buildActionMask = 2147483647;
			files = (
			);
			runOnlyForDeploymentPostprocessing = 0;
		};
/* End PBXResourcesBuildPhase section */

/* Begin PBXShellScriptBuildPhase section */
		2ED0884ED893009784C8F852 /* [CP] Check Pods Manifest.lock */ = {
			isa = PBXShellScriptBuildPhase;
			buildActionMask = 2147483647;
			files = (
			);
			inputFileListPaths = (
			);
			inputPaths = (
				"${PODS_PODFILE_DIR_PATH}/Podfile.lock",
				"${PODS_ROOT}/Manifest.lock",
			);
			name = "[CP] Check Pods Manifest.lock";
			outputFileListPaths = (
			);
			outputPaths = (
				"$(DERIVED_FILE_DIR)/Pods-LandmarkRemark-checkManifestLockResult.txt",
			);
			runOnlyForDeploymentPostprocessing = 0;
			shellPath = /bin/sh;
			shellScript = "diff \"${PODS_PODFILE_DIR_PATH}/Podfile.lock\" \"${PODS_ROOT}/Manifest.lock\" > /dev/null\nif [ $? != 0 ] ; then\n    # print error to STDERR\n    echo \"error: The sandbox is not in sync with the Podfile.lock. Run 'pod install' or update your CocoaPods installation.\" >&2\n    exit 1\nfi\n# This output is used by Xcode 'outputs' to avoid re-running this script phase.\necho \"SUCCESS\" > \"${SCRIPT_OUTPUT_FILE_0}\"\n";
			showEnvVarsInLog = 0;
		};
		7BF953D8077334FAE05A8C6C /* [CP] Embed Pods Frameworks */ = {
			isa = PBXShellScriptBuildPhase;
			buildActionMask = 2147483647;
			files = (
			);
			inputFileListPaths = (
				"${PODS_ROOT}/Target Support Files/Pods-LandmarkRemark/Pods-LandmarkRemark-frameworks-${CONFIGURATION}-input-files.xcfilelist",
			);
			name = "[CP] Embed Pods Frameworks";
			outputFileListPaths = (
				"${PODS_ROOT}/Target Support Files/Pods-LandmarkRemark/Pods-LandmarkRemark-frameworks-${CONFIGURATION}-output-files.xcfilelist",
			);
			runOnlyForDeploymentPostprocessing = 0;
			shellPath = /bin/sh;
			shellScript = "\"${PODS_ROOT}/Target Support Files/Pods-LandmarkRemark/Pods-LandmarkRemark-frameworks.sh\"\n";
			showEnvVarsInLog = 0;
		};
/* End PBXShellScriptBuildPhase section */

/* Begin PBXSourcesBuildPhase section */
		30393145229BFAF500DA1E65 /* Sources */ = {
			isa = PBXSourcesBuildPhase;
			buildActionMask = 2147483647;
			files = (
				3039314F229BFAF500DA1E65 /* LoginViewController.swift in Sources */,
				30B2AD00229FFDA9008F0AB4 /* DataManager.swift in Sources */,
				3039317E229BFE6000DA1E65 /* Launcher.swift in Sources */,
				30393191229D70C600DA1E65 /* RemarkAnnotation.swift in Sources */,
				30B2AD0222A008A5008F0AB4 /* AddRemarkViewModel.swift in Sources */,
				3039314D229BFAF500DA1E65 /* AppDelegate.swift in Sources */,
				30393199229E067800DA1E65 /* StoryboardIdentifiable.swift in Sources */,
				30393197229D72B700DA1E65 /* Router.swift in Sources */,
				303931A6229E63AC00DA1E65 /* Reusable.swift in Sources */,
				30393193229D70E100DA1E65 /* Remark.swift in Sources */,
				30393187229C15E300DA1E65 /* Constants.swift in Sources */,
				303931AB229E658100DA1E65 /* LoginViewModel.swift in Sources */,
				3039318F229D702E00DA1E65 /* AddRemarkViewController.swift in Sources */,
				30B2ACFE229F5E6C008F0AB4 /* MapViewModel.swift in Sources */,
				3039319B229E06C300DA1E65 /* UIStoryboard+Multiple.swift in Sources */,
				303931A0229E082B00DA1E65 /* UIViewController+StoryboardIdentifier.swift in Sources */,
				30393195229D714000DA1E65 /* MapViewController.swift in Sources */,
			);
			runOnlyForDeploymentPostprocessing = 0;
		};
		30393159229BFAF900DA1E65 /* Sources */ = {
			isa = PBXSourcesBuildPhase;
			buildActionMask = 2147483647;
			files = (
				30393162229BFAF900DA1E65 /* LandmarkRemarkTests.swift in Sources */,
			);
			runOnlyForDeploymentPostprocessing = 0;
		};
		30393164229BFAF900DA1E65 /* Sources */ = {
			isa = PBXSourcesBuildPhase;
			buildActionMask = 2147483647;
			files = (
				3039316D229BFAF900DA1E65 /* LandmarkRemarkUITests.swift in Sources */,
			);
			runOnlyForDeploymentPostprocessing = 0;
		};
/* End PBXSourcesBuildPhase section */

/* Begin PBXTargetDependency section */
		3039315F229BFAF900DA1E65 /* PBXTargetDependency */ = {
			isa = PBXTargetDependency;
			target = 30393148229BFAF500DA1E65 /* LandmarkRemark */;
			targetProxy = 3039315E229BFAF900DA1E65 /* PBXContainerItemProxy */;
		};
		3039316A229BFAF900DA1E65 /* PBXTargetDependency */ = {
			isa = PBXTargetDependency;
			target = 30393148229BFAF500DA1E65 /* LandmarkRemark */;
			targetProxy = 30393169229BFAF900DA1E65 /* PBXContainerItemProxy */;
		};
/* End PBXTargetDependency section */

/* Begin PBXVariantGroup section */
		30393150229BFAF500DA1E65 /* Login.storyboard */ = {
			isa = PBXVariantGroup;
			children = (
				30393151229BFAF500DA1E65 /* Base */,
			);
			name = Login.storyboard;
			sourceTree = "<group>";
		};
		30393155229BFAF900DA1E65 /* LaunchScreen.storyboard */ = {
			isa = PBXVariantGroup;
			children = (
				30393156229BFAF900DA1E65 /* Base */,
			);
			name = LaunchScreen.storyboard;
			sourceTree = "<group>";
		};
/* End PBXVariantGroup section */

/* Begin XCBuildConfiguration section */
		3039316F229BFAF900DA1E65 /* Debug */ = {
			isa = XCBuildConfiguration;
			buildSettings = {
				ALWAYS_SEARCH_USER_PATHS = NO;
				CLANG_ANALYZER_NONNULL = YES;
				CLANG_ANALYZER_NUMBER_OBJECT_CONVERSION = YES_AGGRESSIVE;
				CLANG_CXX_LANGUAGE_STANDARD = "gnu++14";
				CLANG_CXX_LIBRARY = "libc++";
				CLANG_ENABLE_MODULES = YES;
				CLANG_ENABLE_OBJC_ARC = YES;
				CLANG_ENABLE_OBJC_WEAK = YES;
				CLANG_WARN_BLOCK_CAPTURE_AUTORELEASING = YES;
				CLANG_WARN_BOOL_CONVERSION = YES;
				CLANG_WARN_COMMA = YES;
				CLANG_WARN_CONSTANT_CONVERSION = YES;
				CLANG_WARN_DEPRECATED_OBJC_IMPLEMENTATIONS = YES;
				CLANG_WARN_DIRECT_OBJC_ISA_USAGE = YES_ERROR;
				CLANG_WARN_DOCUMENTATION_COMMENTS = YES;
				CLANG_WARN_EMPTY_BODY = YES;
				CLANG_WARN_ENUM_CONVERSION = YES;
				CLANG_WARN_INFINITE_RECURSION = YES;
				CLANG_WARN_INT_CONVERSION = YES;
				CLANG_WARN_NON_LITERAL_NULL_CONVERSION = YES;
				CLANG_WARN_OBJC_IMPLICIT_RETAIN_SELF = YES;
				CLANG_WARN_OBJC_LITERAL_CONVERSION = YES;
				CLANG_WARN_OBJC_ROOT_CLASS = YES_ERROR;
				CLANG_WARN_RANGE_LOOP_ANALYSIS = YES;
				CLANG_WARN_STRICT_PROTOTYPES = YES;
				CLANG_WARN_SUSPICIOUS_MOVE = YES;
				CLANG_WARN_UNGUARDED_AVAILABILITY = YES_AGGRESSIVE;
				CLANG_WARN_UNREACHABLE_CODE = YES;
				CLANG_WARN__DUPLICATE_METHOD_MATCH = YES;
				CODE_SIGN_IDENTITY = "iPhone Developer";
				COPY_PHASE_STRIP = NO;
				DEBUG_INFORMATION_FORMAT = dwarf;
				ENABLE_STRICT_OBJC_MSGSEND = YES;
				ENABLE_TESTABILITY = YES;
				GCC_C_LANGUAGE_STANDARD = gnu11;
				GCC_DYNAMIC_NO_PIC = NO;
				GCC_NO_COMMON_BLOCKS = YES;
				GCC_OPTIMIZATION_LEVEL = 0;
				GCC_PREPROCESSOR_DEFINITIONS = (
					"DEBUG=1",
					"$(inherited)",
				);
				GCC_WARN_64_TO_32_BIT_CONVERSION = YES;
				GCC_WARN_ABOUT_RETURN_TYPE = YES_ERROR;
				GCC_WARN_UNDECLARED_SELECTOR = YES;
				GCC_WARN_UNINITIALIZED_AUTOS = YES_AGGRESSIVE;
				GCC_WARN_UNUSED_FUNCTION = YES;
				GCC_WARN_UNUSED_VARIABLE = YES;
				IPHONEOS_DEPLOYMENT_TARGET = 9.0;
				MTL_ENABLE_DEBUG_INFO = INCLUDE_SOURCE;
				MTL_FAST_MATH = YES;
				ONLY_ACTIVE_ARCH = YES;
				SDKROOT = iphoneos;
				SWIFT_ACTIVE_COMPILATION_CONDITIONS = DEBUG;
				SWIFT_OPTIMIZATION_LEVEL = "-Onone";
			};
			name = Debug;
		};
		30393170229BFAF900DA1E65 /* Release */ = {
			isa = XCBuildConfiguration;
			buildSettings = {
				ALWAYS_SEARCH_USER_PATHS = NO;
				CLANG_ANALYZER_NONNULL = YES;
				CLANG_ANALYZER_NUMBER_OBJECT_CONVERSION = YES_AGGRESSIVE;
				CLANG_CXX_LANGUAGE_STANDARD = "gnu++14";
				CLANG_CXX_LIBRARY = "libc++";
				CLANG_ENABLE_MODULES = YES;
				CLANG_ENABLE_OBJC_ARC = YES;
				CLANG_ENABLE_OBJC_WEAK = YES;
				CLANG_WARN_BLOCK_CAPTURE_AUTORELEASING = YES;
				CLANG_WARN_BOOL_CONVERSION = YES;
				CLANG_WARN_COMMA = YES;
				CLANG_WARN_CONSTANT_CONVERSION = YES;
				CLANG_WARN_DEPRECATED_OBJC_IMPLEMENTATIONS = YES;
				CLANG_WARN_DIRECT_OBJC_ISA_USAGE = YES_ERROR;
				CLANG_WARN_DOCUMENTATION_COMMENTS = YES;
				CLANG_WARN_EMPTY_BODY = YES;
				CLANG_WARN_ENUM_CONVERSION = YES;
				CLANG_WARN_INFINITE_RECURSION = YES;
				CLANG_WARN_INT_CONVERSION = YES;
				CLANG_WARN_NON_LITERAL_NULL_CONVERSION = YES;
				CLANG_WARN_OBJC_IMPLICIT_RETAIN_SELF = YES;
				CLANG_WARN_OBJC_LITERAL_CONVERSION = YES;
				CLANG_WARN_OBJC_ROOT_CLASS = YES_ERROR;
				CLANG_WARN_RANGE_LOOP_ANALYSIS = YES;
				CLANG_WARN_STRICT_PROTOTYPES = YES;
				CLANG_WARN_SUSPICIOUS_MOVE = YES;
				CLANG_WARN_UNGUARDED_AVAILABILITY = YES_AGGRESSIVE;
				CLANG_WARN_UNREACHABLE_CODE = YES;
				CLANG_WARN__DUPLICATE_METHOD_MATCH = YES;
				CODE_SIGN_IDENTITY = "iPhone Developer";
				COPY_PHASE_STRIP = NO;
				DEBUG_INFORMATION_FORMAT = "dwarf-with-dsym";
				ENABLE_NS_ASSERTIONS = NO;
				ENABLE_STRICT_OBJC_MSGSEND = YES;
				GCC_C_LANGUAGE_STANDARD = gnu11;
				GCC_NO_COMMON_BLOCKS = YES;
				GCC_WARN_64_TO_32_BIT_CONVERSION = YES;
				GCC_WARN_ABOUT_RETURN_TYPE = YES_ERROR;
				GCC_WARN_UNDECLARED_SELECTOR = YES;
				GCC_WARN_UNINITIALIZED_AUTOS = YES_AGGRESSIVE;
				GCC_WARN_UNUSED_FUNCTION = YES;
				GCC_WARN_UNUSED_VARIABLE = YES;
				IPHONEOS_DEPLOYMENT_TARGET = 9.0;
				MTL_ENABLE_DEBUG_INFO = NO;
				MTL_FAST_MATH = YES;
				SDKROOT = iphoneos;
				SWIFT_COMPILATION_MODE = wholemodule;
				SWIFT_OPTIMIZATION_LEVEL = "-O";
				VALIDATE_PRODUCT = YES;
			};
			name = Release;
		};
		30393172229BFAF900DA1E65 /* Debug */ = {
			isa = XCBuildConfiguration;
			baseConfigurationReference = 6CB96B9447C6BDFFBA67673C /* Pods-LandmarkRemark.debug.xcconfig */;
			buildSettings = {
				ASSETCATALOG_COMPILER_APPICON_NAME = AppIcon;
				CODE_SIGN_STYLE = Automatic;
				DEVELOPMENT_TEAM = "";
				INFOPLIST_FILE = LandmarkRemark/Info.plist;
				LD_RUNPATH_SEARCH_PATHS = (
					"$(inherited)",
					"@executable_path/Frameworks",
				);
				PRODUCT_BUNDLE_IDENTIFIER = ManjeetWorkspace.LandmarkRemark;
				PRODUCT_NAME = "$(TARGET_NAME)";
				SWIFT_VERSION = 5.0;
				TARGETED_DEVICE_FAMILY = 1;
			};
			name = Debug;
		};
		30393173229BFAF900DA1E65 /* Release */ = {
			isa = XCBuildConfiguration;
			baseConfigurationReference = 706207C7FDB43DD147B7343A /* Pods-LandmarkRemark.release.xcconfig */;
			buildSettings = {
				ASSETCATALOG_COMPILER_APPICON_NAME = AppIcon;
				CODE_SIGN_STYLE = Automatic;
				DEVELOPMENT_TEAM = "";
				INFOPLIST_FILE = LandmarkRemark/Info.plist;
				LD_RUNPATH_SEARCH_PATHS = (
					"$(inherited)",
					"@executable_path/Frameworks",
				);
				PRODUCT_BUNDLE_IDENTIFIER = ManjeetWorkspace.LandmarkRemark;
				PRODUCT_NAME = "$(TARGET_NAME)";
				SWIFT_VERSION = 5.0;
				TARGETED_DEVICE_FAMILY = 1;
			};
			name = Release;
		};
		30393175229BFAF900DA1E65 /* Debug */ = {
			isa = XCBuildConfiguration;
			buildSettings = {
				ALWAYS_EMBED_SWIFT_STANDARD_LIBRARIES = YES;
				BUNDLE_LOADER = "$(TEST_HOST)";
				CODE_SIGN_STYLE = Automatic;
				INFOPLIST_FILE = LandmarkRemarkTests/Info.plist;
				LD_RUNPATH_SEARCH_PATHS = (
					"$(inherited)",
					"@executable_path/Frameworks",
					"@loader_path/Frameworks",
				);
				PRODUCT_BUNDLE_IDENTIFIER = ManjeetWorkspace.LandmarkRemarkTests;
				PRODUCT_NAME = "$(TARGET_NAME)";
				SWIFT_VERSION = 5.0;
				TARGETED_DEVICE_FAMILY = "1,2";
				TEST_HOST = "$(BUILT_PRODUCTS_DIR)/LandmarkRemark.app/LandmarkRemark";
			};
			name = Debug;
		};
		30393176229BFAF900DA1E65 /* Release */ = {
			isa = XCBuildConfiguration;
			buildSettings = {
				ALWAYS_EMBED_SWIFT_STANDARD_LIBRARIES = YES;
				BUNDLE_LOADER = "$(TEST_HOST)";
				CODE_SIGN_STYLE = Automatic;
				INFOPLIST_FILE = LandmarkRemarkTests/Info.plist;
				LD_RUNPATH_SEARCH_PATHS = (
					"$(inherited)",
					"@executable_path/Frameworks",
					"@loader_path/Frameworks",
				);
				PRODUCT_BUNDLE_IDENTIFIER = ManjeetWorkspace.LandmarkRemarkTests;
				PRODUCT_NAME = "$(TARGET_NAME)";
				SWIFT_VERSION = 5.0;
				TARGETED_DEVICE_FAMILY = "1,2";
				TEST_HOST = "$(BUILT_PRODUCTS_DIR)/LandmarkRemark.app/LandmarkRemark";
			};
			name = Release;
		};
		30393178229BFAF900DA1E65 /* Debug */ = {
			isa = XCBuildConfiguration;
			buildSettings = {
				ALWAYS_EMBED_SWIFT_STANDARD_LIBRARIES = YES;
				CODE_SIGN_STYLE = Automatic;
				INFOPLIST_FILE = LandmarkRemarkUITests/Info.plist;
				LD_RUNPATH_SEARCH_PATHS = (
					"$(inherited)",
					"@executable_path/Frameworks",
					"@loader_path/Frameworks",
				);
				PRODUCT_BUNDLE_IDENTIFIER = ManjeetWorkspace.LandmarkRemarkUITests;
				PRODUCT_NAME = "$(TARGET_NAME)";
				SWIFT_VERSION = 5.0;
				TARGETED_DEVICE_FAMILY = "1,2";
				TEST_TARGET_NAME = LandmarkRemark;
			};
			name = Debug;
		};
		30393179229BFAF900DA1E65 /* Release */ = {
			isa = XCBuildConfiguration;
			buildSettings = {
				ALWAYS_EMBED_SWIFT_STANDARD_LIBRARIES = YES;
				CODE_SIGN_STYLE = Automatic;
				INFOPLIST_FILE = LandmarkRemarkUITests/Info.plist;
				LD_RUNPATH_SEARCH_PATHS = (
					"$(inherited)",
					"@executable_path/Frameworks",
					"@loader_path/Frameworks",
				);
				PRODUCT_BUNDLE_IDENTIFIER = ManjeetWorkspace.LandmarkRemarkUITests;
				PRODUCT_NAME = "$(TARGET_NAME)";
				SWIFT_VERSION = 5.0;
				TARGETED_DEVICE_FAMILY = "1,2";
				TEST_TARGET_NAME = LandmarkRemark;
			};
			name = Release;
		};
/* End XCBuildConfiguration section */

/* Begin XCConfigurationList section */
		30393144229BFAF500DA1E65 /* Build configuration list for PBXProject "LandmarkRemark" */ = {
			isa = XCConfigurationList;
			buildConfigurations = (
				3039316F229BFAF900DA1E65 /* Debug */,
				30393170229BFAF900DA1E65 /* Release */,
			);
			defaultConfigurationIsVisible = 0;
			defaultConfigurationName = Release;
		};
		30393171229BFAF900DA1E65 /* Build configuration list for PBXNativeTarget "LandmarkRemark" */ = {
			isa = XCConfigurationList;
			buildConfigurations = (
				30393172229BFAF900DA1E65 /* Debug */,
				30393173229BFAF900DA1E65 /* Release */,
			);
			defaultConfigurationIsVisible = 0;
			defaultConfigurationName = Release;
		};
		30393174229BFAF900DA1E65 /* Build configuration list for PBXNativeTarget "LandmarkRemarkTests" */ = {
			isa = XCConfigurationList;
			buildConfigurations = (
				30393175229BFAF900DA1E65 /* Debug */,
				30393176229BFAF900DA1E65 /* Release */,
			);
			defaultConfigurationIsVisible = 0;
			defaultConfigurationName = Release;
		};
		30393177229BFAF900DA1E65 /* Build configuration list for PBXNativeTarget "LandmarkRemarkUITests" */ = {
			isa = XCConfigurationList;
			buildConfigurations = (
				30393178229BFAF900DA1E65 /* Debug */,
				30393179229BFAF900DA1E65 /* Release */,
			);
			defaultConfigurationIsVisible = 0;
			defaultConfigurationName = Release;
		};
/* End XCConfigurationList section */
	};
	rootObject = 30393141229BFAF500DA1E65 /* Project object */;
}
